{
    "_meta": {
        "hash": {
            "sha256": "5f6702fac450f5eff11bcfc50ef0b3073104138cbca748abc6e25b7791155bdb"
        },
        "pipfile-spec": 6,
        "requires": {
            "python_version": "3.11.3"
        },
        "sources": [
            {
                "name": "pypi",
                "url": "https://pypi.org/simple",
                "verify_ssl": true
            }
        ]
    },
    "default": {
        "antlr4-python3-runtime": {
            "hashes": [
                "sha256:0d5454928ae40c8a6b653caa35046cd8492c8743b5fbc22ff4009099d074c7ae",
                "sha256:53e6e208cf4a1ad53fb8b1b4467b756375a4f827331e290618aedcf481cb1d5c"
            ],
            "index": "pypi",
            "version": "==4.13.0"
        }
    },
    "develop": {}
}
